<Solution>
  <Folder Name="/src/">
    <Project Path="src/MssqlRealtime.Agent/MssqlRealtime.Agent.csproj" />
    <Project Path="src/MssqlRealtime.Api/MssqlRealtime.Api.csproj" />
    <Project Path="src/MssqlRealtime.Core/MssqlRealtime.Core.csproj" />
    <Project Path="src/MssqlRealtime.Infrastructure/MssqlRealtime.Infrastructure.csproj" />
    <Project Path="src/MssqlRealtime.Modules.Http/MssqlRealtime.Modules.Http.csproj" />
    <Project Path="src/MssqlRealtime.Modules.Mssql/MssqlRealtime.Modules.Mssql.csproj" />
  </Folder>
  <Folder Name="/tests/">
    <Project Path="tests/MssqlRealtime.Tests/MssqlRealtime.Tests.csproj" />
  </Folder>
</Solution>
